{
  "apiVersion": "gorbital.dev/v2",
  "orb": {
    "version": "v0.2.0-dev"
  },
  "inputs": {
    "name": "plateful",
    "module": "example.com/plateful",
    "preset": "full",
    "tenancy": "multi",
    "mail": "resend",
    "layout": "v0.2"
  },
  "files": [
    {
      "path": ".dockerignore",
      "sha256": "59b124050755cb6847c3afeaaa69c74545ab79b5715e4d0d745a587a2fa5ef54"
    },
    {
      "path": ".env.example",
      "sha256": "b7227c7ac9ce546fcd01ab39a8be925d9729bd06cea09e0d8a996574ec831f27"
    },
    {
      "path": ".gitignore",
      "sha256": "bc4d342cbb7323aecb91d6c39b5bf22ce2a168894099272a2a8315f5e06e672e"
    },
    {
      "path": "AGENTS.md",
      "sha256": "19f723182fabc7a9215e9e1644fc0fd1a1c93527c0608546ddfddeee4d0be81d"
    },
    {
      "path": "ARCHITECTURE.md",
      "sha256": "df686523a32fd8f9ba25b9f8916ac56893d84022271a3e3d172b720217e63e41"
    },
    {
      "path": "AUTH_PROVIDERS.md",
      "sha256": "2e1ac81df4974b43e25794165726f4e00b114a04f32bf2658fbe125eb20c5b81"
    },
    {
      "path": "Dockerfile",
      "sha256": "3f6e7739a07c51d438b8faa78a1bc142afc67f424fbc86938f321e7754782b54"
    },
    {
      "path": "README.md",
      "sha256": "56ed66bf8bc524dceac1ed658b2eb653e6de3348006e32e4e656d92c7fee59a9"
    },
    {
      "path": "api/llms.txt",
      "sha256": "0797f01cdf0c5a38528eaca2865a115448ff4041a1f9309cea1c64ee219fc200"
    },
    {
      "path": "api/openapi.baseline.json",
      "sha256": "148d99883b6b3e3d0251f36987308f77a9b12207721b92d5faf274f97ff011d5"
    },
    {
      "path": "api/openapi.json",
      "sha256": "6533e9eccb6190b8ed767df9ddb3b46eab86fbd32d3c65e8b8b3163ca0c4f6ad"
    },
    {
      "path": "api/postman_collection.json",
      "sha256": "35ddb70af0e0dcc9f5528f661ef060793ff7e9e6b196113d7e51ffba97bcd115"
    },
    {
      "path": "api/surface.json",
      "sha256": "0b2be23384bb54e983d99f7eefb0a072b375b5951f52646162b06f768565c3a3"
    },
    {
      "path": "cmd/api/app_test.go",
      "sha256": "43dedaaf109bd3ea317990dfe256a28a7109b0689e48b3879484286237023282"
    },
    {
      "path": "cmd/api/mail.go",
      "sha256": "4f9c61a548f79a089e098c5faa23e1bea99eb0246a65184bfb9d09be97385566"
    },
    {
      "path": "cmd/api/main.go",
      "sha256": "8f4d7d5938d2959f39c4da1a8a4889d685caf93ab894e01dc9c84b742cda4fdf"
    },
    {
      "path": "cmd/api/main_test.go",
      "sha256": "5b731642e692fceb5799c301a5df176100f422620cd33bce4e90fd5a44e930d8"
    },
    {
      "path": "cmd/api/storage.go",
      "sha256": "5b5bcea99ed123b8fae0f708ba169205c20f4a418dfca398f9c3f2a3606114e5"
    },
    {
      "path": "compose.yaml",
      "sha256": "b52af9338915d63201d080c0dac8a8657ffec1b2498831139af9dbf3b286f3c1"
    },
    {
      "path": "db/migrations/20260916000002_projects.sql",
      "sha256": "184dd1c8bc9f65d410743f7fef64bdeecddf39372c961fa4a1bcb675fd929502"
    },
    {
      "path": "db/migrations/migrations.go",
      "sha256": "36cc3bd3064471910cc4e753e486702efaaae5a35391462e5fceb65b497a9239"
    },
    {
      "path": "db/row_level_security.sql",
      "sha256": "a368a628e4f17a1d2e9b19828a7eb76bbba195d1b5b095690eda068cf4b14ae5"
    },
    {
      "path": "gorbital.yaml",
      "sha256": "871993050a45c1e75a995ed5d31be8ae01d4e2c24aeaa73452431cd8702450d2"
    },
    {
      "path": "internal/modules/architecture_test.go",
      "sha256": "1f111064df727167822b6f75279f394be79de562a8f887597c84f95827ff629b"
    },
    {
      "path": "internal/modules/modules.gen.go",
      "sha256": "6685234de4e91104e30c7389125d87d37630f6cc9141d78b5980e4b8a6bc1700"
    },
    {
      "path": "internal/modules/ping/delivery/echo.go",
      "sha256": "9b96c8b63cb6aed86cf7623dd8ee05ea7c377452c6a13a12f1317dc98165bec0"
    },
    {
      "path": "internal/modules/ping/delivery/ping.go",
      "sha256": "9e4c665b5182453bf0296a7b480d190b23b6ca810a81b4bd140cbfb9de6a447d"
    },
    {
      "path": "internal/modules/ping/delivery/responses.go",
      "sha256": "4807c8c9db40efca221e6aaa5b28c0ef7f79411ba308ddd535fc8f1fd8c968c6"
    },
    {
      "path": "internal/modules/ping/delivery/routes.go",
      "sha256": "1215fee6157379256bb9abeee6beb930cb5aea904a1b772074ab37c4c37fc784"
    },
    {
      "path": "internal/modules/ping/domain/message.go",
      "sha256": "e55d9ffc09582747b8092377ab2773e506d5f856adbd361f343accd83051e1e4"
    },
    {
      "path": "internal/modules/ping/domain/message_test.go",
      "sha256": "957a7442a4b3d4977906e0e694c008cb6193aecaf8c8242465873d10e22dccd8"
    },
    {
      "path": "internal/modules/ping/module.go",
      "sha256": "c43f43c5d2fe402575647f9de6d246c37a7c93bcc34d1b1fd054ba2f8f4e9547"
    },
    {
      "path": "internal/modules/ping/ping_test.go",
      "sha256": "645c9822cc2cfb2b566621bf15ebf4c787bb5ab40a5abd4ac36792beeff2d113"
    },
    {
      "path": "internal/modules/ping/usecase/echo.go",
      "sha256": "209707f38f1e5b0da5c8d6ab28643f96e6714d353a16a1dd64a35178e1d3a94d"
    },
    {
      "path": "internal/modules/ping/usecase/ping.go",
      "sha256": "7da4cf25d07967a593c22180213f8bbb7088618e31135477d9fa0f0fdf40b2dc"
    },
    {
      "path": "internal/modules/ping/usecase/service.go",
      "sha256": "979dbbcc1880080fb6428951de16dd1c279267e750e8658c880258ee1b1e443f"
    },
    {
      "path": "internal/modules/ping/usecase/service_test.go",
      "sha256": "fbcee316dc0a1d9860685e1ed088fbdc670bd19190387b183ad2b42f5dd52720"
    },
    {
      "path": "internal/modules/projects/delivery/create_project.go",
      "sha256": "e2c5517e88f3b49d4db7414a90ea5ccc51c6ea9d78116cf9b1e780e787450588"
    },
    {
      "path": "internal/modules/projects/delivery/delete_project.go",
      "sha256": "9d9a7e15d3e2cbaf4b811161f938ca5f3f23b9d09a7d9735894e784f8df42669"
    },
    {
      "path": "internal/modules/projects/delivery/get_project.go",
      "sha256": "f9b3cb63f5690e72559c72135d053cdaed77c643c8e8bff8088f69a16fd3cc78"
    },
    {
      "path": "internal/modules/projects/delivery/list_projects.go",
      "sha256": "507021d173be857a71982576366a3b16df119f91b7cd226ca55e11a29ee44685"
    },
    {
      "path": "internal/modules/projects/delivery/responses.go",
      "sha256": "a04e939571548097316bd70b0a94752fbc852c9858a51904b575ba011c0fe975"
    },
    {
      "path": "internal/modules/projects/delivery/routes.go",
      "sha256": "49ba5d2bfcd6ce24885970f7b91b0f4132f8adfe3cb784cd7c28573711d0979a"
    },
    {
      "path": "internal/modules/projects/delivery/update_project.go",
      "sha256": "9d84a1cd88c9fc3556e50a29fd94b66be214d38a99b4a2cc51937abab485b54b"
    },
    {
      "path": "internal/modules/projects/domain/errors.go",
      "sha256": "75db336b43eba6a82ee2e7abb7e068f226c108ac6c77168de6ba77c091ca273d"
    },
    {
      "path": "internal/modules/projects/domain/project.go",
      "sha256": "a5c2bcb867c3b574f881d98b80d550174cc89a6deadca62896da77d4829c340b"
    },
    {
      "path": "internal/modules/projects/domain/project_test.go",
      "sha256": "3fcfd1246d837c4c139d15259f890a32143ef2927958d1f4cc17f3da391bbd94"
    },
    {
      "path": "internal/modules/projects/module.go",
      "sha256": "b528df9d894e4eeb5741c91398b9d706d8991077c5f62723b31c684f2ff5c87d"
    },
    {
      "path": "internal/modules/projects/projects_test.go",
      "sha256": "e11f45d490cf98223ef6fce9a6b17c8ea987399de76b99a76cb6b6edbf888c17"
    },
    {
      "path": "internal/modules/projects/repository/delete_project.go",
      "sha256": "20957b2eba829414ca648f96696ad56d495f98e2ce9644d14a3db01104054245"
    },
    {
      "path": "internal/modules/projects/repository/insert_project.go",
      "sha256": "33f8b808b47ca2701de610c60bde7622a93a253c9cab2caa155e0631698eb62b"
    },
    {
      "path": "internal/modules/projects/repository/select_project.go",
      "sha256": "71658c3d2fefcef47ee1a521275061063b682e22cb326258b465644455d7e84d"
    },
    {
      "path": "internal/modules/projects/repository/select_projects.go",
      "sha256": "86de1dacf9640bf812c66c5ad07af6833a898c7b069d727cd6d2b077678b0016"
    },
    {
      "path": "internal/modules/projects/repository/store.go",
      "sha256": "c337eb6c5249c9a5679cfd83d307f3805d939c2f459088c5375d3ef254c79850"
    },
    {
      "path": "internal/modules/projects/repository/update_project.go",
      "sha256": "d2564c161fabd1c62125b944508b736730e045e67b942e07b21dcd16dfb2ffd2"
    },
    {
      "path": "internal/modules/projects/usecase/create_project.go",
      "sha256": "fd571c3a5c07c7dd77ab0dbe4fa31132847bf3b0d913c81ec7d10ad2033d849e"
    },
    {
      "path": "internal/modules/projects/usecase/delete_project.go",
      "sha256": "297bcdff6682518461083956bf34b20e5c6954333ddafbe38264896fe7e4f649"
    },
    {
      "path": "internal/modules/projects/usecase/get_project.go",
      "sha256": "1923cd129e22185282d280ee598e013aa14874d60443a2e46d6a36fb1a2fe656"
    },
    {
      "path": "internal/modules/projects/usecase/list_projects.go",
      "sha256": "30b520a4ab74d53eaf83c5ac1bcff637bc1f2a33c5d10c3c4f3814e7e41151a7"
    },
    {
      "path": "internal/modules/projects/usecase/ports.go",
      "sha256": "a62207e83732d5b95c5572f3e33e0083f27ce887eaae41ca3169baac7d4781ff"
    },
    {
      "path": "internal/modules/projects/usecase/service.go",
      "sha256": "ed6ddfaee5863fcb676f4333151cc07475300f26e2e7c7141e7663f814017e12"
    },
    {
      "path": "internal/modules/projects/usecase/update_project.go",
      "sha256": "391bddf64e186721abd18e7584bbe5140a3cf6b04b050a91db2252e9b5dd5e94"
    },
    {
      "path": "internal/modules/surface_test.go",
      "sha256": "7796af0b983495e4f803aec93194d5f7d3d96a8e125a39b21f3d2d8a5fbc76d4"
    }
  ]
}
